
Microsoft Visual Studio Solution File, Format Version 12.00
# Visual Studio Version 17
VisualStudioVersion = 17.0.31903.59
MinimumVisualStudioVersion = 10.0.40219.1
Project("{2150E333-8FDC-42A3-9474-1A3956D46DE8}") = "PriceApiRepo", "PriceApiRepo", "{F1118ACC-432B-0E52-978B-C03CA1B95F00}"
EndProject
Project("{FAE04EC0-301F-11D3-BF4B-00C04F79EFBC}") = "PriceApi", "PriceApiRepo\PriceApi\PriceApi.csproj", "{01F4AB0E-BC9F-4434-91A7-5073C2F83569}"
EndProject
Project("{2150E333-8FDC-42A3-9474-1A3956D46DE8}") = "StockApiRepo", "StockApiRepo", "{82EAFFB7-8A5B-27A8-0E95-BA15D99E9E55}"
EndProject
Project("{FAE04EC0-301F-11D3-BF4B-00C04F79EFBC}") = "StockApi", "StockApiRepo\StockApi\StockApi.csproj", "{DBE2B4C6-4FDE-462F-B10C-F941647A4AB9}"
EndProject
Project("{FAE04EC0-301F-11D3-BF4B-00C04F79EFBC}") = "Services", "PriceApiRepo\Services\Services.csproj", "{677EA5B5-1B8F-4AF8-97F7-069743B3DED1}"
EndProject
Project("{FAE04EC0-301F-11D3-BF4B-00C04F79EFBC}") = "Storage.Repositories", "PriceApiRepo\Storage.Repositories\Storage.Repositories.csproj", "{8FE1CA47-8519-4BFA-897B-40F7754F02FF}"
EndProject
Project("{FAE04EC0-301F-11D3-BF4B-00C04F79EFBC}") = "Storage.Contracts", "PriceApiRepo\Storage.Contracts\Storage.Contracts.csproj", "{22C2EBF8-62C4-4311-B249-57D2C85358F2}"
EndProject
Project("{FAE04EC0-301F-11D3-BF4B-00C04F79EFBC}") = "DataProviders", "PriceApiRepo\DataProviders\DataProviders.csproj", "{EA3E17BD-975B-467C-82D0-FF19CDBE5B9A}"
EndProject
Project("{FAE04EC0-301F-11D3-BF4B-00C04F79EFBC}") = "PriceApi.Contracts", "PriceApiRepo\PriceApi.Contracts\PriceApi.Contracts.csproj", "{3028DCAD-9A9E-430E-9B6D-A32E56764A10}"
EndProject
Global
	GlobalSection(SolutionConfigurationPlatforms) = preSolution
		Debug|Any CPU = Debug|Any CPU
		Debug|x64 = Debug|x64
		Debug|x86 = Debug|x86
		Release|Any CPU = Release|Any CPU
		Release|x64 = Release|x64
		Release|x86 = Release|x86
	EndGlobalSection
	GlobalSection(ProjectConfigurationPlatforms) = postSolution
		{01F4AB0E-BC9F-4434-91A7-5073C2F83569}.Debug|Any CPU.ActiveCfg = Debug|Any CPU
		{01F4AB0E-BC9F-4434-91A7-5073C2F83569}.Debug|Any CPU.Build.0 = Debug|Any CPU
		{01F4AB0E-BC9F-4434-91A7-5073C2F83569}.Debug|x64.ActiveCfg = Debug|Any CPU
		{01F4AB0E-BC9F-4434-91A7-5073C2F83569}.Debug|x64.Build.0 = Debug|Any CPU
		{01F4AB0E-BC9F-4434-91A7-5073C2F83569}.Debug|x86.ActiveCfg = Debug|Any CPU
		{01F4AB0E-BC9F-4434-91A7-5073C2F83569}.Debug|x86.Build.0 = Debug|Any CPU
		{01F4AB0E-BC9F-4434-91A7-5073C2F83569}.Release|Any CPU.ActiveCfg = Release|Any CPU
		{01F4AB0E-BC9F-4434-91A7-5073C2F83569}.Release|Any CPU.Build.0 = Release|Any CPU
		{01F4AB0E-BC9F-4434-91A7-5073C2F83569}.Release|x64.ActiveCfg = Release|Any CPU
		{01F4AB0E-BC9F-4434-91A7-5073C2F83569}.Release|x64.Build.0 = Release|Any CPU
		{01F4AB0E-BC9F-4434-91A7-5073C2F83569}.Release|x86.ActiveCfg = Release|Any CPU
		{01F4AB0E-BC9F-4434-91A7-5073C2F83569}.Release|x86.Build.0 = Release|Any CPU
		{DBE2B4C6-4FDE-462F-B10C-F941647A4AB9}.Debug|Any CPU.ActiveCfg = Debug|Any CPU
		{DBE2B4C6-4FDE-462F-B10C-F941647A4AB9}.Debug|Any CPU.Build.0 = Debug|Any CPU
		{DBE2B4C6-4FDE-462F-B10C-F941647A4AB9}.Debug|x64.ActiveCfg = Debug|Any CPU
		{DBE2B4C6-4FDE-462F-B10C-F941647A4AB9}.Debug|x64.Build.0 = Debug|Any CPU
		{DBE2B4C6-4FDE-462F-B10C-F941647A4AB9}.Debug|x86.ActiveCfg = Debug|Any CPU
		{DBE2B4C6-4FDE-462F-B10C-F941647A4AB9}.Debug|x86.Build.0 = Debug|Any CPU
		{DBE2B4C6-4FDE-462F-B10C-F941647A4AB9}.Release|Any CPU.ActiveCfg = Release|Any CPU
		{DBE2B4C6-4FDE-462F-B10C-F941647A4AB9}.Release|Any CPU.Build.0 = Release|Any CPU
		{DBE2B4C6-4FDE-462F-B10C-F941647A4AB9}.Release|x64.ActiveCfg = Release|Any CPU
		{DBE2B4C6-4FDE-462F-B10C-F941647A4AB9}.Release|x64.Build.0 = Release|Any CPU
		{DBE2B4C6-4FDE-462F-B10C-F941647A4AB9}.Release|x86.ActiveCfg = Release|Any CPU
		{DBE2B4C6-4FDE-462F-B10C-F941647A4AB9}.Release|x86.Build.0 = Release|Any CPU
		{677EA5B5-1B8F-4AF8-97F7-069743B3DED1}.Debug|Any CPU.ActiveCfg = Debug|Any CPU
		{677EA5B5-1B8F-4AF8-97F7-069743B3DED1}.Debug|Any CPU.Build.0 = Debug|Any CPU
		{677EA5B5-1B8F-4AF8-97F7-069743B3DED1}.Debug|x64.ActiveCfg = Debug|Any CPU
		{677EA5B5-1B8F-4AF8-97F7-069743B3DED1}.Debug|x64.Build.0 = Debug|Any CPU
		{677EA5B5-1B8F-4AF8-97F7-069743B3DED1}.Debug|x86.ActiveCfg = Debug|Any CPU
		{677EA5B5-1B8F-4AF8-97F7-069743B3DED1}.Debug|x86.Build.0 = Debug|Any CPU
		{677EA5B5-1B8F-4AF8-97F7-069743B3DED1}.Release|Any CPU.ActiveCfg = Release|Any CPU
		{677EA5B5-1B8F-4AF8-97F7-069743B3DED1}.Release|Any CPU.Build.0 = Release|Any CPU
		{677EA5B5-1B8F-4AF8-97F7-069743B3DED1}.Release|x64.ActiveCfg = Release|Any CPU
		{677EA5B5-1B8F-4AF8-97F7-069743B3DED1}.Release|x64.Build.0 = Release|Any CPU
		{677EA5B5-1B8F-4AF8-97F7-069743B3DED1}.Release|x86.ActiveCfg = Release|Any CPU
		{677EA5B5-1B8F-4AF8-97F7-069743B3DED1}.Release|x86.Build.0 = Release|Any CPU
		{8FE1CA47-8519-4BFA-897B-40F7754F02FF}.Debug|Any CPU.ActiveCfg = Debug|Any CPU
		{8FE1CA47-8519-4BFA-897B-40F7754F02FF}.Debug|Any CPU.Build.0 = Debug|Any CPU
		{8FE1CA47-8519-4BFA-897B-40F7754F02FF}.Debug|x64.ActiveCfg = Debug|Any CPU
		{8FE1CA47-8519-4BFA-897B-40F7754F02FF}.Debug|x64.Build.0 = Debug|Any CPU
		{8FE1CA47-8519-4BFA-897B-40F7754F02FF}.Debug|x86.ActiveCfg = Debug|Any CPU
		{8FE1CA47-8519-4BFA-897B-40F7754F02FF}.Debug|x86.Build.0 = Debug|Any CPU
		{8FE1CA47-8519-4BFA-897B-40F7754F02FF}.Release|Any CPU.ActiveCfg = Release|Any CPU
		{8FE1CA47-8519-4BFA-897B-40F7754F02FF}.Release|Any CPU.Build.0 = Release|Any CPU
		{8FE1CA47-8519-4BFA-897B-40F7754F02FF}.Release|x64.ActiveCfg = Release|Any CPU
		{8FE1CA47-8519-4BFA-897B-40F7754F02FF}.Release|x64.Build.0 = Release|Any CPU
		{8FE1CA47-8519-4BFA-897B-40F7754F02FF}.Release|x86.ActiveCfg = Release|Any CPU
		{8FE1CA47-8519-4BFA-897B-40F7754F02FF}.Release|x86.Build.0 = Release|Any CPU
		{22C2EBF8-62C4-4311-B249-57D2C85358F2}.Debug|Any CPU.ActiveCfg = Debug|Any CPU
		{22C2EBF8-62C4-4311-B249-57D2C85358F2}.Debug|Any CPU.Build.0 = Debug|Any CPU
		{22C2EBF8-62C4-4311-B249-57D2C85358F2}.Debug|x64.ActiveCfg = Debug|Any CPU
		{22C2EBF8-62C4-4311-B249-57D2C85358F2}.Debug|x64.Build.0 = Debug|Any CPU
		{22C2EBF8-62C4-4311-B249-57D2C85358F2}.Debug|x86.ActiveCfg = Debug|Any CPU
		{22C2EBF8-62C4-4311-B249-57D2C85358F2}.Debug|x86.Build.0 = Debug|Any CPU
		{22C2EBF8-62C4-4311-B249-57D2C85358F2}.Release|Any CPU.ActiveCfg = Release|Any CPU
		{22C2EBF8-62C4-4311-B249-57D2C85358F2}.Release|Any CPU.Build.0 = Release|Any CPU
		{22C2EBF8-62C4-4311-B249-57D2C85358F2}.Release|x64.ActiveCfg = Release|Any CPU
		{22C2EBF8-62C4-4311-B249-57D2C85358F2}.Release|x64.Build.0 = Release|Any CPU
		{22C2EBF8-62C4-4311-B249-57D2C85358F2}.Release|x86.ActiveCfg = Release|Any CPU
		{22C2EBF8-62C4-4311-B249-57D2C85358F2}.Release|x86.Build.0 = Release|Any CPU
		{EA3E17BD-975B-467C-82D0-FF19CDBE5B9A}.Debug|Any CPU.ActiveCfg = Debug|Any CPU
		{EA3E17BD-975B-467C-82D0-FF19CDBE5B9A}.Debug|Any CPU.Build.0 = Debug|Any CPU
		{EA3E17BD-975B-467C-82D0-FF19CDBE5B9A}.Debug|x64.ActiveCfg = Debug|Any CPU
		{EA3E17BD-975B-467C-82D0-FF19CDBE5B9A}.Debug|x64.Build.0 = Debug|Any CPU
		{EA3E17BD-975B-467C-82D0-FF19CDBE5B9A}.Debug|x86.ActiveCfg = Debug|Any CPU
		{EA3E17BD-975B-467C-82D0-FF19CDBE5B9A}.Debug|x86.Build.0 = Debug|Any CPU
		{EA3E17BD-975B-467C-82D0-FF19CDBE5B9A}.Release|Any CPU.ActiveCfg = Release|Any CPU
		{EA3E17BD-975B-467C-82D0-FF19CDBE5B9A}.Release|Any CPU.Build.0 = Release|Any CPU
		{EA3E17BD-975B-467C-82D0-FF19CDBE5B9A}.Release|x64.ActiveCfg = Release|Any CPU
		{EA3E17BD-975B-467C-82D0-FF19CDBE5B9A}.Release|x64.Build.0 = Release|Any CPU
		{EA3E17BD-975B-467C-82D0-FF19CDBE5B9A}.Release|x86.ActiveCfg = Release|Any CPU
		{EA3E17BD-975B-467C-82D0-FF19CDBE5B9A}.Release|x86.Build.0 = Release|Any CPU
		{3028DCAD-9A9E-430E-9B6D-A32E56764A10}.Debug|Any CPU.ActiveCfg = Debug|Any CPU
		{3028DCAD-9A9E-430E-9B6D-A32E56764A10}.Debug|Any CPU.Build.0 = Debug|Any CPU
		{3028DCAD-9A9E-430E-9B6D-A32E56764A10}.Debug|x64.ActiveCfg = Debug|Any CPU
		{3028DCAD-9A9E-430E-9B6D-A32E56764A10}.Debug|x64.Build.0 = Debug|Any CPU
		{3028DCAD-9A9E-430E-9B6D-A32E56764A10}.Debug|x86.ActiveCfg = Debug|Any CPU
		{3028DCAD-9A9E-430E-9B6D-A32E56764A10}.Debug|x86.Build.0 = Debug|Any CPU
		{3028DCAD-9A9E-430E-9B6D-A32E56764A10}.Release|Any CPU.ActiveCfg = Release|Any CPU
		{3028DCAD-9A9E-430E-9B6D-A32E56764A10}.Release|Any CPU.Build.0 = Release|Any CPU
		{3028DCAD-9A9E-430E-9B6D-A32E56764A10}.Release|x64.ActiveCfg = Release|Any CPU
		{3028DCAD-9A9E-430E-9B6D-A32E56764A10}.Release|x64.Build.0 = Release|Any CPU
		{3028DCAD-9A9E-430E-9B6D-A32E56764A10}.Release|x86.ActiveCfg = Release|Any CPU
		{3028DCAD-9A9E-430E-9B6D-A32E56764A10}.Release|x86.Build.0 = Release|Any CPU
	EndGlobalSection
	GlobalSection(SolutionProperties) = preSolution
		HideSolutionNode = FALSE
	EndGlobalSection
	GlobalSection(NestedProjects) = preSolution
		{01F4AB0E-BC9F-4434-91A7-5073C2F83569} = {F1118ACC-432B-0E52-978B-C03CA1B95F00}
		{DBE2B4C6-4FDE-462F-B10C-F941647A4AB9} = {82EAFFB7-8A5B-27A8-0E95-BA15D99E9E55}
		{677EA5B5-1B8F-4AF8-97F7-069743B3DED1} = {F1118ACC-432B-0E52-978B-C03CA1B95F00}
		{8FE1CA47-8519-4BFA-897B-40F7754F02FF} = {F1118ACC-432B-0E52-978B-C03CA1B95F00}
		{22C2EBF8-62C4-4311-B249-57D2C85358F2} = {F1118ACC-432B-0E52-978B-C03CA1B95F00}
		{EA3E17BD-975B-467C-82D0-FF19CDBE5B9A} = {F1118ACC-432B-0E52-978B-C03CA1B95F00}
		{3028DCAD-9A9E-430E-9B6D-A32E56764A10} = {F1118ACC-432B-0E52-978B-C03CA1B95F00}
	EndGlobalSection
EndGlobal
